
Microsoft Visual Studio Solution File, Format Version 12.00
# Visual Studio Version 17
VisualStudioVersion = 17.8.34330.188
MinimumVisualStudioVersion = 10.0.40219.1
Project("{9A19103F-16F7-4668-BE54-9A1E7A4F7556}") = "AvaloniaApplication6", "AvaloniaApplication6\AvaloniaApplication6.csproj", "{C29EC783-C21A-42B2-82F1-B3A05FBBE930}"
EndProject
Project("{9A19103F-16F7-4668-BE54-9A1E7A4F7556}") = "AvaloniaApplication6.Desktop", "AvaloniaApplication6.Desktop\AvaloniaApplication6.Desktop.csproj", "{544417A0-2350-4BCD-8E92-4E0AED4945FD}"
EndProject
Global
	GlobalSection(SolutionConfigurationPlatforms) = preSolution
		Debug|Any CPU = Debug|Any CPU
		Release|Any CPU = Release|Any CPU
	EndGlobalSection
	GlobalSection(ProjectConfigurationPlatforms) = postSolution
		{C29EC783-C21A-42B2-82F1-B3A05FBBE930}.Debug|Any CPU.ActiveCfg = Debug|Any CPU
		{C29EC783-C21A-42B2-82F1-B3A05FBBE930}.Debug|Any CPU.Build.0 = Debug|Any CPU
		{C29EC783-C21A-42B2-82F1-B3A05FBBE930}.Release|Any CPU.ActiveCfg = Release|Any CPU
		{C29EC783-C21A-42B2-82F1-B3A05FBBE930}.Release|Any CPU.Build.0 = Release|Any CPU
		{544417A0-2350-4BCD-8E92-4E0AED4945FD}.Debug|Any CPU.ActiveCfg = Debug|Any CPU
		{544417A0-2350-4BCD-8E92-4E0AED4945FD}.Debug|Any CPU.Build.0 = Debug|Any CPU
		{544417A0-2350-4BCD-8E92-4E0AED4945FD}.Release|Any CPU.ActiveCfg = Release|Any CPU
		{544417A0-2350-4BCD-8E92-4E0AED4945FD}.Release|Any CPU.Build.0 = Release|Any CPU
	EndGlobalSection
	GlobalSection(SolutionProperties) = preSolution
		HideSolutionNode = FALSE
	EndGlobalSection
	GlobalSection(ExtensibilityGlobals) = postSolution
		SolutionGuid = {4C8C3B1F-E108-4D1D-B714-39D3C0BD6D66}
	EndGlobalSection
EndGlobal
